<Solution>
  <Folder Name="/api/">
    <Project Path="api/DbAgent.Api.csproj" />
  </Folder>
  <Folder Name="/common/">
    <Project Path="common/DbAgent.Common.csproj" />
  </Folder>
  <Folder Name="/consumers/" />
  <Folder Name="/consumers/DbExecutor/">
    <Project Path="consumers/DbExecutor/DbAgent.DbExecutor.csproj" />
  </Folder>
</Solution>
